
Microsoft Visual Studio Solution File, Format Version 12.00
# Visual Studio Version 16
VisualStudioVersion = 25.0.1703.8
MinimumVisualStudioVersion = 10.0.40219.1
Project("{FAE04EC0-301F-11D3-BF4B-00C04F79EFBC}") = "time.converter", "time.converter\time.converter.csproj", "{772FCBAA-BB29-40B8-B043-F563462F896F}"
EndProject
Global
	GlobalSection(SolutionConfigurationPlatforms) = preSolution
		Debug|Any CPU = Debug|Any CPU
		Release|Any CPU = Release|Any CPU
	EndGlobalSection
	GlobalSection(ProjectConfigurationPlatforms) = postSolution
		{772FCBAA-BB29-40B8-B043-F563462F896F}.Debug|Any CPU.ActiveCfg = Debug|Any CPU
		{772FCBAA-BB29-40B8-B043-F563462F896F}.Debug|Any CPU.Build.0 = Debug|Any CPU
		{772FCBAA-BB29-40B8-B043-F563462F896F}.Release|Any CPU.ActiveCfg = Release|Any CPU
		{772FCBAA-BB29-40B8-B043-F563462F896F}.Release|Any CPU.Build.0 = Release|Any CPU
	EndGlobalSection
	GlobalSection(SolutionProperties) = preSolution
		HideSolutionNode = FALSE
	EndGlobalSection
	GlobalSection(ExtensibilityGlobals) = postSolution
		SolutionGuid = {A748503C-CE0A-4DB4-A1CB-61D92D3AA5B9}
	EndGlobalSection
EndGlobal
